// !$*UTF8*$!
{
	archiveVersion = 1;
	classes = {
	};
	objectVersion = 48;
	objects = {

/* Begin PBXBuildFile section */
		0450255020BEDF320049B67F /* HHNextViewController.m in Sources */ = {isa = PBXBuildFile; fileRef = 0450254F20BEDF320049B67F /* HHNextViewController.m */; };
		0450255320BEDF400049B67F /* HHThirdViewController.m in Sources */ = {isa = PBXBuildFile; fileRef = 0450255220BEDF400049B67F /* HHThirdViewController.m */; };
		0450255620BEE3140049B67F /* BaseViewController.m in Sources */ = {isa = PBXBuildFile; fileRef = 0450255520BEE3140049B67F /* BaseViewController.m */; };
		049B08BD20BE79C900756E1A /* AppDelegate.m in Sources */ = {isa = PBXBuildFile; fileRef = 049B08BC20BE79C900756E1A /* AppDelegate.m */; };
		049B08C020BE79C900756E1A /* ViewController.m in Sources */ = {isa = PBXBuildFile; fileRef = 049B08BF20BE79C900756E1A /* ViewController.m */; };
		049B08C320BE79C900756E1A /* Main.storyboard in Resources */ = {isa = PBXBuildFile; fileRef = 049B08C120BE79C900756E1A /* Main.storyboard */; };
		049B08C520BE79C900756E1A /* Assets.xcassets in Resources */ = {isa = PBXBuildFile; fileRef = 049B08C420BE79C900756E1A /* Assets.xcassets */; };
		049B08C820BE79C900756E1A /* LaunchScreen.storyboard in Resources */ = {isa = PBXBuildFile; fileRef = 049B08C620BE79C900756E1A /* LaunchScreen.storyboard */; };
		049B08CB20BE79C900756E1A /* main.m in Sources */ = {isa = PBXBuildFile; fileRef = 049B08CA20BE79C900756E1A /* main.m */; };
		049B08D320BE79DA00756E1A /* AlertHelp.m in Sources */ = {isa = PBXBuildFile; fileRef = 049B08D120BE79DA00756E1A /* AlertHelp.m */; };
		049B08D620BE802F00756E1A /* HHView.m in Sources */ = {isa = PBXBuildFile; fileRef = 049B08D520BE802F00756E1A /* HHView.m */; };
/* End PBXBuildFile section */

/* Begin PBXFileReference section */
		0450254E20BEDF320049B67F /* HHNextViewController.h */ = {isa = PBXFileReference; lastKnownFileType = sourcecode.c.h; path = HHNextViewController.h; sourceTree = "<group>"; };
		0450254F20BEDF320049B67F /* HHNextViewController.m */ = {isa = PBXFileReference; lastKnownFileType = sourcecode.c.objc; path = HHNextViewController.m; sourceTree = "<group>"; };
		0450255120BEDF400049B67F /* HHThirdViewController.h */ = {isa = PBXFileReference; lastKnownFileType = sourcecode.c.h; path = HHThirdViewController.h; sourceTree = "<group>"; };
		0450255220BEDF400049B67F /* HHThirdViewController.m */ = {isa = PBXFileReference; lastKnownFileType = sourcecode.c.objc; path = HHThirdViewController.m; sourceTree = "<group>"; };
		0450255420BEE3140049B67F /* BaseViewController.h */ = {isa = PBXFileReference; lastKnownFileType = sourcecode.c.h; path = BaseViewController.h; sourceTree = "<group>"; };
		0450255520BEE3140049B67F /* BaseViewController.m */ = {isa = PBXFileReference; lastKnownFileType = sourcecode.c.objc; path = BaseViewController.m; sourceTree = "<group>"; };
		049B08B820BE79C800756E1A /* UIAlertViewController.app */ = {isa = PBXFileReference; explicitFileType = wrapper.application; includeInIndex = 0; path = UIAlertViewController.app; sourceTree = BUILT_PRODUCTS_DIR; };
		049B08BB20BE79C800756E1A /* AppDelegate.h */ = {isa = PBXFileReference; lastKnownFileType = sourcecode.c.h; path = AppDelegate.h; sourceTree = "<group>"; };
		049B08BC20BE79C900756E1A /* AppDelegate.m */ = {isa = PBXFileReference; lastKnownFileType = sourcecode.c.objc; path = AppDelegate.m; sourceTree = "<group>"; };
		049B08BE20BE79C900756E1A /* ViewController.h */ = {isa = PBXFileReference; lastKnownFileType = sourcecode.c.h; path = ViewController.h; sourceTree = "<group>"; };
		049B08BF20BE79C900756E1A /* ViewController.m */ = {isa = PBXFileReference; lastKnownFileType = sourcecode.c.objc; path = ViewController.m; sourceTree = "<group>"; };
		049B08C220BE79C900756E1A /* Base */ = {isa = PBXFileReference; lastKnownFileType = file.storyboard; name = Base; path = Base.lproj/Main.storyboard; sourceTree = "<group>"; };
		049B08C420BE79C900756E1A /* Assets.xcassets */ = {isa = PBXFileReference; lastKnownFileType = folder.assetcatalog; path = Assets.xcassets; sourceTree = "<group>"; };
		049B08C720BE79C900756E1A /* Base */ = {isa = PBXFileReference; lastKnownFileType = file.storyboard; name = Base; path = Base.lproj/LaunchScreen.storyboard; sourceTree = "<group>"; };
		049B08C920BE79C900756E1A /* Info.plist */ = {isa = PBXFileReference; lastKnownFileType = text.plist.xml; path = Info.plist; sourceTree = "<group>"; };
		049B08CA20BE79C900756E1A /* main.m */ = {isa = PBXFileReference; lastKnownFileType = sourcecode.c.objc; path = main.m; sourceTree = "<group>"; };
		049B08D120BE79DA00756E1A /* AlertHelp.m */ = {isa = PBXFileReference; fileEncoding = 4; lastKnownFileType = sourcecode.c.objc; path = AlertHelp.m; sourceTree = "<group>"; };
		049B08D220BE79DA00756E1A /* AlertHelp.h */ = {isa = PBXFileReference; fileEncoding = 4; lastKnownFileType = sourcecode.c.h; path = AlertHelp.h; sourceTree = "<group>"; };
		049B08D420BE802F00756E1A /* HHView.h */ = {isa = PBXFileReference; lastKnownFileType = sourcecode.c.h; path = HHView.h; sourceTree = "<group>"; };
		049B08D520BE802F00756E1A /* HHView.m */ = {isa = PBXFileReference; lastKnownFileType = sourcecode.c.objc; path = HHView.m; sourceTree = "<group>"; };
/* End PBXFileReference section */

/* Begin PBXFrameworksBuildPhase section */
		049B08B520BE79C800756E1A /* Frameworks */ = {
			isa = PBXFrameworksBuildPhase;
			buildActionMask = 2147483647;
			files = (
			);
			runOnlyForDeploymentPostprocessing = 0;
		};
/* End PBXFrameworksBuildPhase section */

/* Begin PBXGroup section */
		049B08AF20BE79C800756E1A = {
			isa = PBXGroup;
			children = (
				049B08BA20BE79C800756E1A /* UIAlertViewController */,
				049B08B920BE79C800756E1A /* Products */,
			);
			sourceTree = "<group>";
		};
		049B08B920BE79C800756E1A /* Products */ = {
			isa = PBXGroup;
			children = (
				049B08B820BE79C800756E1A /* UIAlertViewController.app */,
			);
			name = Products;
			sourceTree = "<group>";
		};
		049B08BA20BE79C800756E1A /* UIAlertViewController */ = {
			isa = PBXGroup;
			children = (
				049B08BB20BE79C800756E1A /* AppDelegate.h */,
				049B08BC20BE79C900756E1A /* AppDelegate.m */,
				049B08BE20BE79C900756E1A /* ViewController.h */,
				049B08BF20BE79C900756E1A /* ViewController.m */,
				0450254E20BEDF320049B67F /* HHNextViewController.h */,
				0450254F20BEDF320049B67F /* HHNextViewController.m */,
				0450255120BEDF400049B67F /* HHThirdViewController.h */,
				0450255220BEDF400049B67F /* HHThirdViewController.m */,
				0450255420BEE3140049B67F /* BaseViewController.h */,
				0450255520BEE3140049B67F /* BaseViewController.m */,
				049B08D420BE802F00756E1A /* HHView.h */,
				049B08D520BE802F00756E1A /* HHView.m */,
				049B08D220BE79DA00756E1A /* AlertHelp.h */,
				049B08D120BE79DA00756E1A /* AlertHelp.m */,
				049B08C120BE79C900756E1A /* Main.storyboard */,
				049B08C420BE79C900756E1A /* Assets.xcassets */,
				049B08C620BE79C900756E1A /* LaunchScreen.storyboard */,
				049B08C920BE79C900756E1A /* Info.plist */,
				049B08CA20BE79C900756E1A /* main.m */,
			);
			path = UIAlertViewController;
			sourceTree = "<group>";
		};
/* End PBXGroup section */

/* Begin PBXNativeTarget section */
		049B08B720BE79C800756E1A /* UIAlertViewController */ = {
			isa = PBXNativeTarget;
			buildConfigurationList = 049B08CE20BE79C900756E1A /* Build configuration list for PBXNativeTarget "UIAlertViewController" */;
			buildPhases = (
				049B08B420BE79C800756E1A /* Sources */,
				049B08B520BE79C800756E1A /* Frameworks */,
				049B08B620BE79C800756E1A /* Resources */,
			);
			buildRules = (
			);
			dependencies = (
			);
			name = UIAlertViewController;
			productName = UIAlertViewController;
			productReference = 049B08B820BE79C800756E1A /* UIAlertViewController.app */;
			productType = "com.apple.product-type.application";
		};
/* End PBXNativeTarget section */

/* Begin PBXProject section */
		049B08B020BE79C800756E1A /* Project object */ = {
			isa = PBXProject;
			attributes = {
				LastUpgradeCheck = 0920;
				ORGANIZATIONNAME = Now;
				TargetAttributes = {
					049B08B720BE79C800756E1A = {
						CreatedOnToolsVersion = 9.2;
						ProvisioningStyle = Automatic;
					};
				};
			};
			buildConfigurationList = 049B08B320BE79C800756E1A /* Build configuration list for PBXProject "UIAlertViewController" */;
			compatibilityVersion = "Xcode 8.0";
			developmentRegion = en;
			hasScannedForEncodings = 0;
			knownRegions = (
				en,
				Base,
			);
			mainGroup = 049B08AF20BE79C800756E1A;
			productRefGroup = 049B08B920BE79C800756E1A /* Products */;
			projectDirPath = "";
			projectRoot = "";
			targets = (
				049B08B720BE79C800756E1A /* UIAlertViewController */,
			);
		};
/* End PBXProject section */

/* Begin PBXResourcesBuildPhase section */
		049B08B620BE79C800756E1A /* Resources */ = {
			isa = PBXResourcesBuildPhase;
			buildActionMask = 2147483647;
			files = (
				049B08C820BE79C900756E1A /* LaunchScreen.storyboard in Resources */,
				049B08C520BE79C900756E1A /* Assets.xcassets in Resources */,
				049B08C320BE79C900756E1A /* Main.storyboard in Resources */,
			);
			runOnlyForDeploymentPostprocessing = 0;
		};
/* End PBXResourcesBuildPhase section */

/* Begin PBXSourcesBuildPhase section */
		049B08B420BE79C800756E1A /* Sources */ = {
			isa = PBXSourcesBuildPhase;
			buildActionMask = 2147483647;
			files = (
				049B08C020BE79C900756E1A /* ViewController.m in Sources */,
				0450255620BEE3140049B67F /* BaseViewController.m in Sources */,
				049B08CB20BE79C900756E1A /* main.m in Sources */,
				049B08BD20BE79C900756E1A /* AppDelegate.m in Sources */,
				049B08D320BE79DA00756E1A /* AlertHelp.m in Sources */,
				049B08D620BE802F00756E1A /* HHView.m in Sources */,
				0450255020BEDF320049B67F /* HHNextViewController.m in Sources */,
				0450255320BEDF400049B67F /* HHThirdViewController.m in Sources */,
			);
			runOnlyForDeploymentPostprocessing = 0;
		};
/* End PBXSourcesBuildPhase section */

/* Begin PBXVariantGroup section */
		049B08C120BE79C900756E1A /* Main.storyboard */ = {
			isa = PBXVariantGroup;
			children = (
				049B08C220BE79C900756E1A /* Base */,
			);
			name = Main.storyboard;
			sourceTree = "<group>";
		};
		049B08C620BE79C900756E1A /* LaunchScreen.storyboard */ = {
			isa = PBXVariantGroup;
			children = (
				049B08C720BE79C900756E1A /* Base */,
			);
			name = LaunchScreen.storyboard;
			sourceTree = "<group>";
		};
/* End PBXVariantGroup section */

/* Begin XCBuildConfiguration section */
		049B08CC20BE79C900756E1A /* Debug */ = {
			isa = XCBuildConfiguration;
			buildSettings = {
				ALWAYS_SEARCH_USER_PATHS = NO;
				CLANG_ANALYZER_NONNULL = YES;
				CLANG_ANALYZER_NUMBER_OBJECT_CONVERSION = YES_AGGRESSIVE;
				CLANG_CXX_LANGUAGE_STANDARD = "gnu++14";
				CLANG_CXX_LIBRARY = "libc++";
				CLANG_ENABLE_MODULES = YES;
				CLANG_ENABLE_OBJC_ARC = YES;
				CLANG_WARN_BLOCK_CAPTURE_AUTORELEASING = YES;
				CLANG_WARN_BOOL_CONVERSION = YES;
				CLANG_WARN_COMMA = YES;
				CLANG_WARN_CONSTANT_CONVERSION = YES;
				CLANG_WARN_DIRECT_OBJC_ISA_USAGE = YES_ERROR;
				CLANG_WARN_DOCUMENTATION_COMMENTS = YES;
				CLANG_WARN_EMPTY_BODY = YES;
				CLANG_WARN_ENUM_CONVERSION = YES;
				CLANG_WARN_INFINITE_RECURSION = YES;
				CLANG_WARN_INT_CONVERSION = YES;
				CLANG_WARN_NON_LITERAL_NULL_CONVERSION = YES;
				CLANG_WARN_OBJC_LITERAL_CONVERSION = YES;
				CLANG_WARN_OBJC_ROOT_CLASS = YES_ERROR;
				CLANG_WARN_RANGE_LOOP_ANALYSIS = YES;
				CLANG_WARN_STRICT_PROTOTYPES = YES;
				CLANG_WARN_SUSPICIOUS_MOVE = YES;
				CLANG_WARN_UNGUARDED_AVAILABILITY = YES_AGGRESSIVE;
				CLANG_WARN_UNREACHABLE_CODE = YES;
				CLANG_WARN__DUPLICATE_METHOD_MATCH = YES;
				CODE_SIGN_IDENTITY = "iPhone Developer";
				COPY_PHASE_STRIP = NO;
				DEBUG_INFORMATION_FORMAT = dwarf;
				ENABLE_STRICT_OBJC_MSGSEND = YES;
				ENABLE_TESTABILITY = YES;
				GCC_C_LANGUAGE_STANDARD = gnu11;
				GCC_DYNAMIC_NO_PIC = NO;
				GCC_NO_COMMON_BLOCKS = YES;
				GCC_OPTIMIZATION_LEVEL = 0;
				GCC_PREPROCESSOR_DEFINITIONS = (
					"DEBUG=1",
					"$(inherited)",
				);
				GCC_WARN_64_TO_32_BIT_CONVERSION = YES;
				GCC_WARN_ABOUT_RETURN_TYPE = YES_ERROR;
				GCC_WARN_UNDECLARED_SELECTOR = YES;
				GCC_WARN_UNINITIALIZED_AUTOS = YES_AGGRESSIVE;
				GCC_WARN_UNUSED_FUNCTION = YES;
				GCC_WARN_UNUSED_VARIABLE = YES;
				IPHONEOS_DEPLOYMENT_TARGET = 11.2;
				MTL_ENABLE_DEBUG_INFO = YES;
				ONLY_ACTIVE_ARCH = YES;
				SDKROOT = iphoneos;
			};
			name = Debug;
		};
		049B08CD20BE79C900756E1A /* Release */ = {
			isa = XCBuildConfiguration;
			buildSettings = {
				ALWAYS_SEARCH_USER_PATHS = NO;
				CLANG_ANALYZER_NONNULL = YES;
				CLANG_ANALYZER_NUMBER_OBJECT_CONVERSION = YES_AGGRESSIVE;
				CLANG_CXX_LANGUAGE_STANDARD = "gnu++14";
				CLANG_CXX_LIBRARY = "libc++";
				CLANG_ENABLE_MODULES = YES;
				CLANG_ENABLE_OBJC_ARC = YES;
				CLANG_WARN_BLOCK_CAPTURE_AUTORELEASING = YES;
				CLANG_WARN_BOOL_CONVERSION = YES;
				CLANG_WARN_COMMA = YES;
				CLANG_WARN_CONSTANT_CONVERSION = YES;
				CLANG_WARN_DIRECT_OBJC_ISA_USAGE = YES_ERROR;
				CLANG_WARN_DOCUMENTATION_COMMENTS = YES;
				CLANG_WARN_EMPTY_BODY = YES;
				CLANG_WARN_ENUM_CONVERSION = YES;
				CLANG_WARN_INFINITE_RECURSION = YES;
				CLANG_WARN_INT_CONVERSION = YES;
				CLANG_WARN_NON_LITERAL_NULL_CONVERSION = YES;
				CLANG_WARN_OBJC_LITERAL_CONVERSION = YES;
				CLANG_WARN_OBJC_ROOT_CLASS = YES_ERROR;
				CLANG_WARN_RANGE_LOOP_ANALYSIS = YES;
				CLANG_WARN_STRICT_PROTOTYPES = YES;
				CLANG_WARN_SUSPICIOUS_MOVE = YES;
				CLANG_WARN_UNGUARDED_AVAILABILITY = YES_AGGRESSIVE;
				CLANG_WARN_UNREACHABLE_CODE = YES;
				CLANG_WARN__DUPLICATE_METHOD_MATCH = YES;
				CODE_SIGN_IDENTITY = "iPhone Developer";
				COPY_PHASE_STRIP = NO;
				DEBUG_INFORMATION_FORMAT = "dwarf-with-dsym";
				ENABLE_NS_ASSERTIONS = NO;
				ENABLE_STRICT_OBJC_MSGSEND = YES;
				GCC_C_LANGUAGE_STANDARD = gnu11;
				GCC_NO_COMMON_BLOCKS = YES;
				GCC_WARN_64_TO_32_BIT_CONVERSION = YES;
				GCC_WARN_ABOUT_RETURN_TYPE = YES_ERROR;
				GCC_WARN_UNDECLARED_SELECTOR = YES;
				GCC_WARN_UNINITIALIZED_AUTOS = YES_AGGRESSIVE;
				GCC_WARN_UNUSED_FUNCTION = YES;
				GCC_WARN_UNUSED_VARIABLE = YES;
				IPHONEOS_DEPLOYMENT_TARGET = 11.2;
				MTL_ENABLE_DEBUG_INFO = NO;
				SDKROOT = iphoneos;
				VALIDATE_PRODUCT = YES;
			};
			name = Release;
		};
		049B08CF20BE79C900756E1A /* Debug */ = {
			isa = XCBuildConfiguration;
			buildSettings = {
				ASSETCATALOG_COMPILER_APPICON_NAME = AppIcon;
				CODE_SIGN_STYLE = Automatic;
				DEVELOPMENT_TEAM = YM2MZ34492;
				INFOPLIST_FILE = UIAlertViewController/Info.plist;
				IPHONEOS_DEPLOYMENT_TARGET = 10.0;
				LD_RUNPATH_SEARCH_PATHS = "$(inherited) @executable_path/Frameworks";
				PRODUCT_BUNDLE_IDENTIFIER = com.cunpiao.UIAlertViewController;
				PRODUCT_NAME = "$(TARGET_NAME)";
				TARGETED_DEVICE_FAMILY = "1,2";
			};
			name = Debug;
		};
		049B08D020BE79C900756E1A /* Release */ = {
			isa = XCBuildConfiguration;
			buildSettings = {
				ASSETCATALOG_COMPILER_APPICON_NAME = AppIcon;
				CODE_SIGN_STYLE = Automatic;
				DEVELOPMENT_TEAM = YM2MZ34492;
				INFOPLIST_FILE = UIAlertViewController/Info.plist;
				IPHONEOS_DEPLOYMENT_TARGET = 10.0;
				LD_RUNPATH_SEARCH_PATHS = "$(inherited) @executable_path/Frameworks";
				PRODUCT_BUNDLE_IDENTIFIER = com.cunpiao.UIAlertViewController;
				PRODUCT_NAME = "$(TARGET_NAME)";
				TARGETED_DEVICE_FAMILY = "1,2";
			};
			name = Release;
		};
/* End XCBuildConfiguration section */

/* Begin XCConfigurationList section */
		049B08B320BE79C800756E1A /* Build configuration list for PBXProject "UIAlertViewController" */ = {
			isa = XCConfigurationList;
			buildConfigurations = (
				049B08CC20BE79C900756E1A /* Debug */,
				049B08CD20BE79C900756E1A /* Release */,
			);
			defaultConfigurationIsVisible = 0;
			defaultConfigurationName = Release;
		};
		049B08CE20BE79C900756E1A /* Build configuration list for PBXNativeTarget "UIAlertViewController" */ = {
			isa = XCConfigurationList;
			buildConfigurations = (
				049B08CF20BE79C900756E1A /* Debug */,
				049B08D020BE79C900756E1A /* Release */,
			);
			defaultConfigurationIsVisible = 0;
			defaultConfigurationName = Release;
		};
/* End XCConfigurationList section */
	};
	rootObject = 049B08B020BE79C800756E1A /* Project object */;
}
