// !$*UTF8*$!
{
	archiveVersion = 1;
	classes = {
	};
	objectVersion = 48;
	objects = {

/* Begin PBXBuildFile section */
		0431FB1220CAA76C00E14141 /* UIView+Ext.m in Sources */ = {isa = PBXBuildFile; fileRef = 0431FB1120CAA76C00E14141 /* UIView+Ext.m */; };
		0431FB1620CAA9BE00E14141 /* HHBarChartView.m in Sources */ = {isa = PBXBuildFile; fileRef = 0431FB1520CAA9BE00E14141 /* HHBarChartView.m */; };
		0431FB1920CAEBDF00E14141 /* HHScrawlView.m in Sources */ = {isa = PBXBuildFile; fileRef = 0431FB1820CAEBDF00E14141 /* HHScrawlView.m */; };
		0431FB1C20CAF56C00E14141 /* UIButton+Ext.m in Sources */ = {isa = PBXBuildFile; fileRef = 0431FB1B20CAF56C00E14141 /* UIButton+Ext.m */; };
		044215F320CA1BA7000847A0 /* AppDelegate.m in Sources */ = {isa = PBXBuildFile; fileRef = 044215F220CA1BA7000847A0 /* AppDelegate.m */; };
		044215F620CA1BA7000847A0 /* ViewController.m in Sources */ = {isa = PBXBuildFile; fileRef = 044215F520CA1BA7000847A0 /* ViewController.m */; };
		044215F920CA1BA7000847A0 /* Main.storyboard in Resources */ = {isa = PBXBuildFile; fileRef = 044215F720CA1BA7000847A0 /* Main.storyboard */; };
		0442160920CA1BCA000847A0 /* HHDrawViewController.m in Sources */ = {isa = PBXBuildFile; fileRef = 0442160720CA1BC9000847A0 /* HHDrawViewController.m */; };
		0442161720CA1BD0000847A0 /* HHDrawRoundView.m in Sources */ = {isa = PBXBuildFile; fileRef = 0442160C20CA1BD0000847A0 /* HHDrawRoundView.m */; };
		0442161820CA1BD0000847A0 /* HHDrawTextView.m in Sources */ = {isa = PBXBuildFile; fileRef = 0442160D20CA1BD0000847A0 /* HHDrawTextView.m */; };
		0442161920CA1BD0000847A0 /* HHDrawLineView.m in Sources */ = {isa = PBXBuildFile; fileRef = 0442161020CA1BD0000847A0 /* HHDrawLineView.m */; };
		0442161A20CA1BD0000847A0 /* HHBaseView.m in Sources */ = {isa = PBXBuildFile; fileRef = 0442161120CA1BD0000847A0 /* HHBaseView.m */; };
		0442161B20CA1BD0000847A0 /* HHDrawImageView.m in Sources */ = {isa = PBXBuildFile; fileRef = 0442161420CA1BD0000847A0 /* HHDrawImageView.m */; };
		0442161C20CA1BD0000847A0 /* HHDrawRectView.m in Sources */ = {isa = PBXBuildFile; fileRef = 0442161620CA1BD0000847A0 /* HHDrawRectView.m */; };
		0442161F20CA1C3F000847A0 /* HHBaseViewController.m in Sources */ = {isa = PBXBuildFile; fileRef = 0442161D20CA1C3F000847A0 /* HHBaseViewController.m */; };
		0442162820CA1F1A000847A0 /* Assets.xcassets in Resources */ = {isa = PBXBuildFile; fileRef = 0442162220CA1F1A000847A0 /* Assets.xcassets */; };
		0442162920CA1F1A000847A0 /* LaunchScreen.storyboard in Resources */ = {isa = PBXBuildFile; fileRef = 0442162320CA1F1A000847A0 /* LaunchScreen.storyboard */; };
		0442162B20CA1F1A000847A0 /* main.m in Sources */ = {isa = PBXBuildFile; fileRef = 0442162720CA1F1A000847A0 /* main.m */; };
		0442162F20CA5984000847A0 /* HHProgressView.m in Sources */ = {isa = PBXBuildFile; fileRef = 0442162E20CA5984000847A0 /* HHProgressView.m */; };
		0442163220CA6AC2000847A0 /* UIColor+Ext.m in Sources */ = {isa = PBXBuildFile; fileRef = 0442163120CA6AC2000847A0 /* UIColor+Ext.m */; };
		0442163620CB83C3000847A0 /* HHGraphicsViewController.m in Sources */ = {isa = PBXBuildFile; fileRef = 0442163520CB83C3000847A0 /* HHGraphicsViewController.m */; };
		0442163920CB860B000847A0 /* 111.jpg in Resources */ = {isa = PBXBuildFile; fileRef = 0442163720CB860A000847A0 /* 111.jpg */; };
		0442163A20CB860B000847A0 /* 222.jpeg in Resources */ = {isa = PBXBuildFile; fileRef = 0442163820CB860A000847A0 /* 222.jpeg */; };
		0460ED8720D10AF300081CAC /* UIControl+Ext.m in Sources */ = {isa = PBXBuildFile; fileRef = 0460ED8520D10AF200081CAC /* UIControl+Ext.m */; };
		049D2C8B20CBB13400D9E82B /* UIImage+Ext.m in Sources */ = {isa = PBXBuildFile; fileRef = 049D2C8A20CBB13400D9E82B /* UIImage+Ext.m */; };
		049D2C8E20CCD9ED00D9E82B /* HHDrawBoardView.m in Sources */ = {isa = PBXBuildFile; fileRef = 049D2C8D20CCD9ED00D9E82B /* HHDrawBoardView.m */; };
		049D2C9220CCDA6200D9E82B /* HHDrawBoardViewController.m in Sources */ = {isa = PBXBuildFile; fileRef = 049D2C9020CCDA6200D9E82B /* HHDrawBoardViewController.m */; };
		049D2C9320CCDA6200D9E82B /* HHDrawBoardViewController.xib in Resources */ = {isa = PBXBuildFile; fileRef = 049D2C9120CCDA6200D9E82B /* HHDrawBoardViewController.xib */; };
		049D2C9620CCE81900D9E82B /* HHBezierPath.m in Sources */ = {isa = PBXBuildFile; fileRef = 049D2C9520CCE81900D9E82B /* HHBezierPath.m */; };
		049D2C9920CDE03600D9E82B /* HHDrawTopView.m in Sources */ = {isa = PBXBuildFile; fileRef = 049D2C9820CDE03600D9E82B /* HHDrawTopView.m */; };
		049E7E7320CEC385007688BF /* HHAnimationView.m in Sources */ = {isa = PBXBuildFile; fileRef = 049E7E7220CEC385007688BF /* HHAnimationView.m */; };
		049E7E7820CEC985007688BF /* HHAnimationViewController.m in Sources */ = {isa = PBXBuildFile; fileRef = 049E7E7720CEC985007688BF /* HHAnimationViewController.m */; };
		04B1082A21132B290055221C /* clock@2x.png in Resources */ = {isa = PBXBuildFile; fileRef = 04B1082721132B280055221C /* clock@2x.png */; };
		04B1082B21132B290055221C /* HHClockView.m in Sources */ = {isa = PBXBuildFile; fileRef = 04B1082821132B290055221C /* HHClockView.m */; };
/* End PBXBuildFile section */

/* Begin PBXFileReference section */
		0431FB1020CAA76C00E14141 /* UIView+Ext.h */ = {isa = PBXFileReference; lastKnownFileType = sourcecode.c.h; path = "UIView+Ext.h"; sourceTree = "<group>"; };
		0431FB1120CAA76C00E14141 /* UIView+Ext.m */ = {isa = PBXFileReference; lastKnownFileType = sourcecode.c.objc; path = "UIView+Ext.m"; sourceTree = "<group>"; };
		0431FB1420CAA9BE00E14141 /* HHBarChartView.h */ = {isa = PBXFileReference; lastKnownFileType = sourcecode.c.h; path = HHBarChartView.h; sourceTree = "<group>"; };
		0431FB1520CAA9BE00E14141 /* HHBarChartView.m */ = {isa = PBXFileReference; lastKnownFileType = sourcecode.c.objc; path = HHBarChartView.m; sourceTree = "<group>"; };
		0431FB1720CAEBDF00E14141 /* HHScrawlView.h */ = {isa = PBXFileReference; lastKnownFileType = sourcecode.c.h; path = HHScrawlView.h; sourceTree = "<group>"; };
		0431FB1820CAEBDF00E14141 /* HHScrawlView.m */ = {isa = PBXFileReference; lastKnownFileType = sourcecode.c.objc; path = HHScrawlView.m; sourceTree = "<group>"; };
		0431FB1A20CAF56C00E14141 /* UIButton+Ext.h */ = {isa = PBXFileReference; lastKnownFileType = sourcecode.c.h; path = "UIButton+Ext.h"; sourceTree = "<group>"; };
		0431FB1B20CAF56C00E14141 /* UIButton+Ext.m */ = {isa = PBXFileReference; lastKnownFileType = sourcecode.c.objc; path = "UIButton+Ext.m"; sourceTree = "<group>"; };
		0431FB1D20CAF71000E14141 /* HHCategoryHeader.h */ = {isa = PBXFileReference; lastKnownFileType = sourcecode.c.h; path = HHCategoryHeader.h; sourceTree = "<group>"; };
		044215EE20CA1BA7000847A0 /* HHDrawView.app */ = {isa = PBXFileReference; explicitFileType = wrapper.application; includeInIndex = 0; path = HHDrawView.app; sourceTree = BUILT_PRODUCTS_DIR; };
		044215F120CA1BA7000847A0 /* AppDelegate.h */ = {isa = PBXFileReference; lastKnownFileType = sourcecode.c.h; path = AppDelegate.h; sourceTree = "<group>"; };
		044215F220CA1BA7000847A0 /* AppDelegate.m */ = {isa = PBXFileReference; lastKnownFileType = sourcecode.c.objc; path = AppDelegate.m; sourceTree = "<group>"; };
		044215F420CA1BA7000847A0 /* ViewController.h */ = {isa = PBXFileReference; lastKnownFileType = sourcecode.c.h; path = ViewController.h; sourceTree = "<group>"; };
		044215F520CA1BA7000847A0 /* ViewController.m */ = {isa = PBXFileReference; lastKnownFileType = sourcecode.c.objc; path = ViewController.m; sourceTree = "<group>"; };
		044215F820CA1BA7000847A0 /* Base */ = {isa = PBXFileReference; lastKnownFileType = file.storyboard; name = Base; path = Base.lproj/Main.storyboard; sourceTree = "<group>"; };
		044215FF20CA1BA7000847A0 /* Info.plist */ = {isa = PBXFileReference; lastKnownFileType = text.plist.xml; path = Info.plist; sourceTree = "<group>"; };
		0442160720CA1BC9000847A0 /* HHDrawViewController.m */ = {isa = PBXFileReference; fileEncoding = 4; lastKnownFileType = sourcecode.c.objc; path = HHDrawViewController.m; sourceTree = "<group>"; };
		0442160820CA1BC9000847A0 /* HHDrawViewController.h */ = {isa = PBXFileReference; fileEncoding = 4; lastKnownFileType = sourcecode.c.h; path = HHDrawViewController.h; sourceTree = "<group>"; };
		0442160B20CA1BD0000847A0 /* HHBaseView.h */ = {isa = PBXFileReference; fileEncoding = 4; lastKnownFileType = sourcecode.c.h; path = HHBaseView.h; sourceTree = "<group>"; };
		0442160C20CA1BD0000847A0 /* HHDrawRoundView.m */ = {isa = PBXFileReference; fileEncoding = 4; lastKnownFileType = sourcecode.c.objc; path = HHDrawRoundView.m; sourceTree = "<group>"; };
		0442160D20CA1BD0000847A0 /* HHDrawTextView.m */ = {isa = PBXFileReference; fileEncoding = 4; lastKnownFileType = sourcecode.c.objc; path = HHDrawTextView.m; sourceTree = "<group>"; };
		0442160E20CA1BD0000847A0 /* HHDrawImageView.h */ = {isa = PBXFileReference; fileEncoding = 4; lastKnownFileType = sourcecode.c.h; path = HHDrawImageView.h; sourceTree = "<group>"; };
		0442160F20CA1BD0000847A0 /* HHDrawRectView.h */ = {isa = PBXFileReference; fileEncoding = 4; lastKnownFileType = sourcecode.c.h; path = HHDrawRectView.h; sourceTree = "<group>"; };
		0442161020CA1BD0000847A0 /* HHDrawLineView.m */ = {isa = PBXFileReference; fileEncoding = 4; lastKnownFileType = sourcecode.c.objc; path = HHDrawLineView.m; sourceTree = "<group>"; };
		0442161120CA1BD0000847A0 /* HHBaseView.m */ = {isa = PBXFileReference; fileEncoding = 4; lastKnownFileType = sourcecode.c.objc; path = HHBaseView.m; sourceTree = "<group>"; };
		0442161220CA1BD0000847A0 /* HHDrawTextView.h */ = {isa = PBXFileReference; fileEncoding = 4; lastKnownFileType = sourcecode.c.h; path = HHDrawTextView.h; sourceTree = "<group>"; };
		0442161320CA1BD0000847A0 /* HHDrawRoundView.h */ = {isa = PBXFileReference; fileEncoding = 4; lastKnownFileType = sourcecode.c.h; path = HHDrawRoundView.h; sourceTree = "<group>"; };
		0442161420CA1BD0000847A0 /* HHDrawImageView.m */ = {isa = PBXFileReference; fileEncoding = 4; lastKnownFileType = sourcecode.c.objc; path = HHDrawImageView.m; sourceTree = "<group>"; };
		0442161520CA1BD0000847A0 /* HHDrawLineView.h */ = {isa = PBXFileReference; fileEncoding = 4; lastKnownFileType = sourcecode.c.h; path = HHDrawLineView.h; sourceTree = "<group>"; };
		0442161620CA1BD0000847A0 /* HHDrawRectView.m */ = {isa = PBXFileReference; fileEncoding = 4; lastKnownFileType = sourcecode.c.objc; path = HHDrawRectView.m; sourceTree = "<group>"; usesTabs = 0; };
		0442161D20CA1C3F000847A0 /* HHBaseViewController.m */ = {isa = PBXFileReference; fileEncoding = 4; lastKnownFileType = sourcecode.c.objc; path = HHBaseViewController.m; sourceTree = "<group>"; };
		0442161E20CA1C3F000847A0 /* HHBaseViewController.h */ = {isa = PBXFileReference; fileEncoding = 4; lastKnownFileType = sourcecode.c.h; path = HHBaseViewController.h; sourceTree = "<group>"; };
		0442162220CA1F1A000847A0 /* Assets.xcassets */ = {isa = PBXFileReference; lastKnownFileType = folder.assetcatalog; path = Assets.xcassets; sourceTree = "<group>"; };
		0442162420CA1F1A000847A0 /* Base */ = {isa = PBXFileReference; lastKnownFileType = file.storyboard; name = Base; path = Base.lproj/LaunchScreen.storyboard; sourceTree = "<group>"; };
		0442162720CA1F1A000847A0 /* main.m */ = {isa = PBXFileReference; fileEncoding = 4; lastKnownFileType = sourcecode.c.objc; path = main.m; sourceTree = "<group>"; };
		0442162D20CA5984000847A0 /* HHProgressView.h */ = {isa = PBXFileReference; lastKnownFileType = sourcecode.c.h; path = HHProgressView.h; sourceTree = "<group>"; };
		0442162E20CA5984000847A0 /* HHProgressView.m */ = {isa = PBXFileReference; lastKnownFileType = sourcecode.c.objc; path = HHProgressView.m; sourceTree = "<group>"; };
		0442163020CA6AC2000847A0 /* UIColor+Ext.h */ = {isa = PBXFileReference; lastKnownFileType = sourcecode.c.h; path = "UIColor+Ext.h"; sourceTree = "<group>"; };
		0442163120CA6AC2000847A0 /* UIColor+Ext.m */ = {isa = PBXFileReference; lastKnownFileType = sourcecode.c.objc; path = "UIColor+Ext.m"; sourceTree = "<group>"; };
		0442163420CB83C3000847A0 /* HHGraphicsViewController.h */ = {isa = PBXFileReference; lastKnownFileType = sourcecode.c.h; path = HHGraphicsViewController.h; sourceTree = "<group>"; };
		0442163520CB83C3000847A0 /* HHGraphicsViewController.m */ = {isa = PBXFileReference; lastKnownFileType = sourcecode.c.objc; path = HHGraphicsViewController.m; sourceTree = "<group>"; };
		0442163720CB860A000847A0 /* 111.jpg */ = {isa = PBXFileReference; lastKnownFileType = image.jpeg; path = 111.jpg; sourceTree = "<group>"; };
		0442163820CB860A000847A0 /* 222.jpeg */ = {isa = PBXFileReference; lastKnownFileType = image.jpeg; path = 222.jpeg; sourceTree = "<group>"; };
		0460ED8520D10AF200081CAC /* UIControl+Ext.m */ = {isa = PBXFileReference; fileEncoding = 4; lastKnownFileType = sourcecode.c.objc; path = "UIControl+Ext.m"; sourceTree = "<group>"; };
		0460ED8620D10AF200081CAC /* UIControl+Ext.h */ = {isa = PBXFileReference; fileEncoding = 4; lastKnownFileType = sourcecode.c.h; path = "UIControl+Ext.h"; sourceTree = "<group>"; };
		049D2C8920CBB13400D9E82B /* UIImage+Ext.h */ = {isa = PBXFileReference; lastKnownFileType = sourcecode.c.h; path = "UIImage+Ext.h"; sourceTree = "<group>"; };
		049D2C8A20CBB13400D9E82B /* UIImage+Ext.m */ = {isa = PBXFileReference; lastKnownFileType = sourcecode.c.objc; path = "UIImage+Ext.m"; sourceTree = "<group>"; };
		049D2C8C20CCD9ED00D9E82B /* HHDrawBoardView.h */ = {isa = PBXFileReference; lastKnownFileType = sourcecode.c.h; path = HHDrawBoardView.h; sourceTree = "<group>"; };
		049D2C8D20CCD9ED00D9E82B /* HHDrawBoardView.m */ = {isa = PBXFileReference; lastKnownFileType = sourcecode.c.objc; path = HHDrawBoardView.m; sourceTree = "<group>"; };
		049D2C8F20CCDA6200D9E82B /* HHDrawBoardViewController.h */ = {isa = PBXFileReference; lastKnownFileType = sourcecode.c.h; path = HHDrawBoardViewController.h; sourceTree = "<group>"; };
		049D2C9020CCDA6200D9E82B /* HHDrawBoardViewController.m */ = {isa = PBXFileReference; lastKnownFileType = sourcecode.c.objc; path = HHDrawBoardViewController.m; sourceTree = "<group>"; };
		049D2C9120CCDA6200D9E82B /* HHDrawBoardViewController.xib */ = {isa = PBXFileReference; lastKnownFileType = file.xib; path = HHDrawBoardViewController.xib; sourceTree = "<group>"; };
		049D2C9420CCE81900D9E82B /* HHBezierPath.h */ = {isa = PBXFileReference; lastKnownFileType = sourcecode.c.h; path = HHBezierPath.h; sourceTree = "<group>"; };
		049D2C9520CCE81900D9E82B /* HHBezierPath.m */ = {isa = PBXFileReference; lastKnownFileType = sourcecode.c.objc; path = HHBezierPath.m; sourceTree = "<group>"; };
		049D2C9720CDE03600D9E82B /* HHDrawTopView.h */ = {isa = PBXFileReference; lastKnownFileType = sourcecode.c.h; path = HHDrawTopView.h; sourceTree = "<group>"; };
		049D2C9820CDE03600D9E82B /* HHDrawTopView.m */ = {isa = PBXFileReference; lastKnownFileType = sourcecode.c.objc; path = HHDrawTopView.m; sourceTree = "<group>"; };
		049E7E7120CEC385007688BF /* HHAnimationView.h */ = {isa = PBXFileReference; lastKnownFileType = sourcecode.c.h; path = HHAnimationView.h; sourceTree = "<group>"; };
		049E7E7220CEC385007688BF /* HHAnimationView.m */ = {isa = PBXFileReference; lastKnownFileType = sourcecode.c.objc; path = HHAnimationView.m; sourceTree = "<group>"; };
		049E7E7620CEC985007688BF /* HHAnimationViewController.h */ = {isa = PBXFileReference; lastKnownFileType = sourcecode.c.h; path = HHAnimationViewController.h; sourceTree = "<group>"; };
		049E7E7720CEC985007688BF /* HHAnimationViewController.m */ = {isa = PBXFileReference; lastKnownFileType = sourcecode.c.objc; path = HHAnimationViewController.m; sourceTree = "<group>"; };
		04B1082721132B280055221C /* clock@2x.png */ = {isa = PBXFileReference; lastKnownFileType = image.png; path = "clock@2x.png"; sourceTree = "<group>"; };
		04B1082821132B290055221C /* HHClockView.m */ = {isa = PBXFileReference; fileEncoding = 4; lastKnownFileType = sourcecode.c.objc; path = HHClockView.m; sourceTree = "<group>"; };
		04B1082921132B290055221C /* HHClockView.h */ = {isa = PBXFileReference; fileEncoding = 4; lastKnownFileType = sourcecode.c.h; path = HHClockView.h; sourceTree = "<group>"; };
/* End PBXFileReference section */

/* Begin PBXFrameworksBuildPhase section */
		044215EB20CA1BA7000847A0 /* Frameworks */ = {
			isa = PBXFrameworksBuildPhase;
			buildActionMask = 2147483647;
			files = (
			);
			runOnlyForDeploymentPostprocessing = 0;
		};
/* End PBXFrameworksBuildPhase section */

/* Begin PBXGroup section */
		0431FB1320CAA87F00E14141 /* Category */ = {
			isa = PBXGroup;
			children = (
				0460ED8620D10AF200081CAC /* UIControl+Ext.h */,
				0460ED8520D10AF200081CAC /* UIControl+Ext.m */,
				0431FB1A20CAF56C00E14141 /* UIButton+Ext.h */,
				0431FB1B20CAF56C00E14141 /* UIButton+Ext.m */,
				0442163020CA6AC2000847A0 /* UIColor+Ext.h */,
				0442163120CA6AC2000847A0 /* UIColor+Ext.m */,
				0431FB1020CAA76C00E14141 /* UIView+Ext.h */,
				0431FB1120CAA76C00E14141 /* UIView+Ext.m */,
				0431FB1D20CAF71000E14141 /* HHCategoryHeader.h */,
				049D2C8920CBB13400D9E82B /* UIImage+Ext.h */,
				049D2C8A20CBB13400D9E82B /* UIImage+Ext.m */,
			);
			path = Category;
			sourceTree = "<group>";
		};
		044215E520CA1BA7000847A0 = {
			isa = PBXGroup;
			children = (
				0442163720CB860A000847A0 /* 111.jpg */,
				0442163820CB860A000847A0 /* 222.jpeg */,
				044215F020CA1BA7000847A0 /* HHDrawView */,
				044215EF20CA1BA7000847A0 /* Products */,
			);
			sourceTree = "<group>";
		};
		044215EF20CA1BA7000847A0 /* Products */ = {
			isa = PBXGroup;
			children = (
				044215EE20CA1BA7000847A0 /* HHDrawView.app */,
			);
			name = Products;
			sourceTree = "<group>";
		};
		044215F020CA1BA7000847A0 /* HHDrawView */ = {
			isa = PBXGroup;
			children = (
				049E7E7020CEC36F007688BF /* HHAnimationView */,
				04E94E6020CE0711001AC379 /* HHDrawBoardView */,
				0442163320CB8344000847A0 /* HHContextVC */,
				0442160A20CA1BD0000847A0 /* HHDrawView */,
				0442162C20CA1F54000847A0 /* Others */,
			);
			path = HHDrawView;
			sourceTree = "<group>";
		};
		0442160A20CA1BD0000847A0 /* HHDrawView */ = {
			isa = PBXGroup;
			children = (
				0442160B20CA1BD0000847A0 /* HHBaseView.h */,
				0442161120CA1BD0000847A0 /* HHBaseView.m */,
				0442161320CA1BD0000847A0 /* HHDrawRoundView.h */,
				0442160C20CA1BD0000847A0 /* HHDrawRoundView.m */,
				0442160F20CA1BD0000847A0 /* HHDrawRectView.h */,
				0442161620CA1BD0000847A0 /* HHDrawRectView.m */,
				0442161520CA1BD0000847A0 /* HHDrawLineView.h */,
				0442161020CA1BD0000847A0 /* HHDrawLineView.m */,
				0442161220CA1BD0000847A0 /* HHDrawTextView.h */,
				0442160D20CA1BD0000847A0 /* HHDrawTextView.m */,
				0442160E20CA1BD0000847A0 /* HHDrawImageView.h */,
				0442161420CA1BD0000847A0 /* HHDrawImageView.m */,
				0442162D20CA5984000847A0 /* HHProgressView.h */,
				0442162E20CA5984000847A0 /* HHProgressView.m */,
				0431FB1420CAA9BE00E14141 /* HHBarChartView.h */,
				0431FB1520CAA9BE00E14141 /* HHBarChartView.m */,
				0431FB1720CAEBDF00E14141 /* HHScrawlView.h */,
				0431FB1820CAEBDF00E14141 /* HHScrawlView.m */,
				0431FB1320CAA87F00E14141 /* Category */,
			);
			path = HHDrawView;
			sourceTree = "<group>";
		};
		0442162C20CA1F54000847A0 /* Others */ = {
			isa = PBXGroup;
			children = (
				044215F120CA1BA7000847A0 /* AppDelegate.h */,
				044215F220CA1BA7000847A0 /* AppDelegate.m */,
				044215FF20CA1BA7000847A0 /* Info.plist */,
				0442162320CA1F1A000847A0 /* LaunchScreen.storyboard */,
				0442162220CA1F1A000847A0 /* Assets.xcassets */,
				044215F720CA1BA7000847A0 /* Main.storyboard */,
				0442162720CA1F1A000847A0 /* main.m */,
			);
			name = Others;
			sourceTree = "<group>";
		};
		0442163320CB8344000847A0 /* HHContextVC */ = {
			isa = PBXGroup;
			children = (
				044215F420CA1BA7000847A0 /* ViewController.h */,
				044215F520CA1BA7000847A0 /* ViewController.m */,
				0442161E20CA1C3F000847A0 /* HHBaseViewController.h */,
				0442161D20CA1C3F000847A0 /* HHBaseViewController.m */,
				0442160820CA1BC9000847A0 /* HHDrawViewController.h */,
				0442160720CA1BC9000847A0 /* HHDrawViewController.m */,
				0442163420CB83C3000847A0 /* HHGraphicsViewController.h */,
				0442163520CB83C3000847A0 /* HHGraphicsViewController.m */,
				049D2C8F20CCDA6200D9E82B /* HHDrawBoardViewController.h */,
				049D2C9020CCDA6200D9E82B /* HHDrawBoardViewController.m */,
				049D2C9120CCDA6200D9E82B /* HHDrawBoardViewController.xib */,
			);
			path = HHContextVC;
			sourceTree = "<group>";
		};
		049E7E7020CEC36F007688BF /* HHAnimationView */ = {
			isa = PBXGroup;
			children = (
				04B1082721132B280055221C /* clock@2x.png */,
				04B1082921132B290055221C /* HHClockView.h */,
				04B1082821132B290055221C /* HHClockView.m */,
				049E7E7120CEC385007688BF /* HHAnimationView.h */,
				049E7E7220CEC385007688BF /* HHAnimationView.m */,
				049E7E7620CEC985007688BF /* HHAnimationViewController.h */,
				049E7E7720CEC985007688BF /* HHAnimationViewController.m */,
			);
			path = HHAnimationView;
			sourceTree = "<group>";
		};
		04E94E6020CE0711001AC379 /* HHDrawBoardView */ = {
			isa = PBXGroup;
			children = (
				049D2C8C20CCD9ED00D9E82B /* HHDrawBoardView.h */,
				049D2C8D20CCD9ED00D9E82B /* HHDrawBoardView.m */,
				049D2C9420CCE81900D9E82B /* HHBezierPath.h */,
				049D2C9520CCE81900D9E82B /* HHBezierPath.m */,
				049D2C9720CDE03600D9E82B /* HHDrawTopView.h */,
				049D2C9820CDE03600D9E82B /* HHDrawTopView.m */,
			);
			path = HHDrawBoardView;
			sourceTree = "<group>";
		};
/* End PBXGroup section */

/* Begin PBXNativeTarget section */
		044215ED20CA1BA7000847A0 /* HHDrawView */ = {
			isa = PBXNativeTarget;
			buildConfigurationList = 0442160420CA1BA7000847A0 /* Build configuration list for PBXNativeTarget "HHDrawView" */;
			buildPhases = (
				044215EA20CA1BA7000847A0 /* Sources */,
				044215EB20CA1BA7000847A0 /* Frameworks */,
				044215EC20CA1BA7000847A0 /* Resources */,
			);
			buildRules = (
			);
			dependencies = (
			);
			name = HHDrawView;
			productName = HHDrawView;
			productReference = 044215EE20CA1BA7000847A0 /* HHDrawView.app */;
			productType = "com.apple.product-type.application";
		};
/* End PBXNativeTarget section */

/* Begin PBXProject section */
		044215E620CA1BA7000847A0 /* Project object */ = {
			isa = PBXProject;
			attributes = {
				LastUpgradeCheck = 0920;
				ORGANIZATIONNAME = Now;
				TargetAttributes = {
					044215ED20CA1BA7000847A0 = {
						CreatedOnToolsVersion = 9.2;
						ProvisioningStyle = Automatic;
					};
				};
			};
			buildConfigurationList = 044215E920CA1BA7000847A0 /* Build configuration list for PBXProject "HHDrawView" */;
			compatibilityVersion = "Xcode 8.0";
			developmentRegion = en;
			hasScannedForEncodings = 0;
			knownRegions = (
				en,
				Base,
			);
			mainGroup = 044215E520CA1BA7000847A0;
			productRefGroup = 044215EF20CA1BA7000847A0 /* Products */;
			projectDirPath = "";
			projectRoot = "";
			targets = (
				044215ED20CA1BA7000847A0 /* HHDrawView */,
			);
		};
/* End PBXProject section */

/* Begin PBXResourcesBuildPhase section */
		044215EC20CA1BA7000847A0 /* Resources */ = {
			isa = PBXResourcesBuildPhase;
			buildActionMask = 2147483647;
			files = (
				0442162820CA1F1A000847A0 /* Assets.xcassets in Resources */,
				0442163A20CB860B000847A0 /* 222.jpeg in Resources */,
				0442163920CB860B000847A0 /* 111.jpg in Resources */,
				0442162920CA1F1A000847A0 /* LaunchScreen.storyboard in Resources */,
				04B1082A21132B290055221C /* clock@2x.png in Resources */,
				044215F920CA1BA7000847A0 /* Main.storyboard in Resources */,
				049D2C9320CCDA6200D9E82B /* HHDrawBoardViewController.xib in Resources */,
			);
			runOnlyForDeploymentPostprocessing = 0;
		};
/* End PBXResourcesBuildPhase section */

/* Begin PBXSourcesBuildPhase section */
		044215EA20CA1BA7000847A0 /* Sources */ = {
			isa = PBXSourcesBuildPhase;
			buildActionMask = 2147483647;
			files = (
				0431FB1920CAEBDF00E14141 /* HHScrawlView.m in Sources */,
				044215F620CA1BA7000847A0 /* ViewController.m in Sources */,
				0431FB1620CAA9BE00E14141 /* HHBarChartView.m in Sources */,
				0442161720CA1BD0000847A0 /* HHDrawRoundView.m in Sources */,
				0442163220CA6AC2000847A0 /* UIColor+Ext.m in Sources */,
				04B1082B21132B290055221C /* HHClockView.m in Sources */,
				049D2C9220CCDA6200D9E82B /* HHDrawBoardViewController.m in Sources */,
				049D2C8E20CCD9ED00D9E82B /* HHDrawBoardView.m in Sources */,
				0442161F20CA1C3F000847A0 /* HHBaseViewController.m in Sources */,
				0431FB1220CAA76C00E14141 /* UIView+Ext.m in Sources */,
				0442160920CA1BCA000847A0 /* HHDrawViewController.m in Sources */,
				0442161B20CA1BD0000847A0 /* HHDrawImageView.m in Sources */,
				049D2C8B20CBB13400D9E82B /* UIImage+Ext.m in Sources */,
				049D2C9920CDE03600D9E82B /* HHDrawTopView.m in Sources */,
				0442163620CB83C3000847A0 /* HHGraphicsViewController.m in Sources */,
				044215F320CA1BA7000847A0 /* AppDelegate.m in Sources */,
				0442161A20CA1BD0000847A0 /* HHBaseView.m in Sources */,
				0431FB1C20CAF56C00E14141 /* UIButton+Ext.m in Sources */,
				0442161920CA1BD0000847A0 /* HHDrawLineView.m in Sources */,
				0442161C20CA1BD0000847A0 /* HHDrawRectView.m in Sources */,
				0442162B20CA1F1A000847A0 /* main.m in Sources */,
				049D2C9620CCE81900D9E82B /* HHBezierPath.m in Sources */,
				0442161820CA1BD0000847A0 /* HHDrawTextView.m in Sources */,
				0442162F20CA5984000847A0 /* HHProgressView.m in Sources */,
				0460ED8720D10AF300081CAC /* UIControl+Ext.m in Sources */,
				049E7E7320CEC385007688BF /* HHAnimationView.m in Sources */,
				049E7E7820CEC985007688BF /* HHAnimationViewController.m in Sources */,
			);
			runOnlyForDeploymentPostprocessing = 0;
		};
/* End PBXSourcesBuildPhase section */

/* Begin PBXVariantGroup section */
		044215F720CA1BA7000847A0 /* Main.storyboard */ = {
			isa = PBXVariantGroup;
			children = (
				044215F820CA1BA7000847A0 /* Base */,
			);
			name = Main.storyboard;
			sourceTree = "<group>";
		};
		0442162320CA1F1A000847A0 /* LaunchScreen.storyboard */ = {
			isa = PBXVariantGroup;
			children = (
				0442162420CA1F1A000847A0 /* Base */,
			);
			name = LaunchScreen.storyboard;
			sourceTree = "<group>";
		};
/* End PBXVariantGroup section */

/* Begin XCBuildConfiguration section */
		0442160220CA1BA7000847A0 /* Debug */ = {
			isa = XCBuildConfiguration;
			buildSettings = {
				ALWAYS_SEARCH_USER_PATHS = NO;
				CLANG_ANALYZER_NONNULL = YES;
				CLANG_ANALYZER_NUMBER_OBJECT_CONVERSION = YES_AGGRESSIVE;
				CLANG_CXX_LANGUAGE_STANDARD = "gnu++14";
				CLANG_CXX_LIBRARY = "libc++";
				CLANG_ENABLE_MODULES = YES;
				CLANG_ENABLE_OBJC_ARC = YES;
				CLANG_WARN_BLOCK_CAPTURE_AUTORELEASING = YES;
				CLANG_WARN_BOOL_CONVERSION = YES;
				CLANG_WARN_COMMA = YES;
				CLANG_WARN_CONSTANT_CONVERSION = YES;
				CLANG_WARN_DIRECT_OBJC_ISA_USAGE = YES_ERROR;
				CLANG_WARN_DOCUMENTATION_COMMENTS = YES;
				CLANG_WARN_EMPTY_BODY = YES;
				CLANG_WARN_ENUM_CONVERSION = YES;
				CLANG_WARN_INFINITE_RECURSION = YES;
				CLANG_WARN_INT_CONVERSION = YES;
				CLANG_WARN_NON_LITERAL_NULL_CONVERSION = YES;
				CLANG_WARN_OBJC_LITERAL_CONVERSION = YES;
				CLANG_WARN_OBJC_ROOT_CLASS = YES_ERROR;
				CLANG_WARN_RANGE_LOOP_ANALYSIS = YES;
				CLANG_WARN_STRICT_PROTOTYPES = YES;
				CLANG_WARN_SUSPICIOUS_MOVE = YES;
				CLANG_WARN_UNGUARDED_AVAILABILITY = YES_AGGRESSIVE;
				CLANG_WARN_UNREACHABLE_CODE = YES;
				CLANG_WARN__DUPLICATE_METHOD_MATCH = YES;
				CODE_SIGN_IDENTITY = "iPhone Developer";
				COPY_PHASE_STRIP = NO;
				DEBUG_INFORMATION_FORMAT = dwarf;
				ENABLE_STRICT_OBJC_MSGSEND = YES;
				ENABLE_TESTABILITY = YES;
				GCC_C_LANGUAGE_STANDARD = gnu11;
				GCC_DYNAMIC_NO_PIC = NO;
				GCC_NO_COMMON_BLOCKS = YES;
				GCC_OPTIMIZATION_LEVEL = 0;
				GCC_PREPROCESSOR_DEFINITIONS = (
					"DEBUG=1",
					"$(inherited)",
				);
				GCC_WARN_64_TO_32_BIT_CONVERSION = YES;
				GCC_WARN_ABOUT_RETURN_TYPE = YES_ERROR;
				GCC_WARN_UNDECLARED_SELECTOR = YES;
				GCC_WARN_UNINITIALIZED_AUTOS = YES_AGGRESSIVE;
				GCC_WARN_UNUSED_FUNCTION = YES;
				GCC_WARN_UNUSED_VARIABLE = YES;
				IPHONEOS_DEPLOYMENT_TARGET = 11.2;
				MTL_ENABLE_DEBUG_INFO = YES;
				ONLY_ACTIVE_ARCH = YES;
				SDKROOT = iphoneos;
			};
			name = Debug;
		};
		0442160320CA1BA7000847A0 /* Release */ = {
			isa = XCBuildConfiguration;
			buildSettings = {
				ALWAYS_SEARCH_USER_PATHS = NO;
				CLANG_ANALYZER_NONNULL = YES;
				CLANG_ANALYZER_NUMBER_OBJECT_CONVERSION = YES_AGGRESSIVE;
				CLANG_CXX_LANGUAGE_STANDARD = "gnu++14";
				CLANG_CXX_LIBRARY = "libc++";
				CLANG_ENABLE_MODULES = YES;
				CLANG_ENABLE_OBJC_ARC = YES;
				CLANG_WARN_BLOCK_CAPTURE_AUTORELEASING = YES;
				CLANG_WARN_BOOL_CONVERSION = YES;
				CLANG_WARN_COMMA = YES;
				CLANG_WARN_CONSTANT_CONVERSION = YES;
				CLANG_WARN_DIRECT_OBJC_ISA_USAGE = YES_ERROR;
				CLANG_WARN_DOCUMENTATION_COMMENTS = YES;
				CLANG_WARN_EMPTY_BODY = YES;
				CLANG_WARN_ENUM_CONVERSION = YES;
				CLANG_WARN_INFINITE_RECURSION = YES;
				CLANG_WARN_INT_CONVERSION = YES;
				CLANG_WARN_NON_LITERAL_NULL_CONVERSION = YES;
				CLANG_WARN_OBJC_LITERAL_CONVERSION = YES;
				CLANG_WARN_OBJC_ROOT_CLASS = YES_ERROR;
				CLANG_WARN_RANGE_LOOP_ANALYSIS = YES;
				CLANG_WARN_STRICT_PROTOTYPES = YES;
				CLANG_WARN_SUSPICIOUS_MOVE = YES;
				CLANG_WARN_UNGUARDED_AVAILABILITY = YES_AGGRESSIVE;
				CLANG_WARN_UNREACHABLE_CODE = YES;
				CLANG_WARN__DUPLICATE_METHOD_MATCH = YES;
				CODE_SIGN_IDENTITY = "iPhone Developer";
				COPY_PHASE_STRIP = NO;
				DEBUG_INFORMATION_FORMAT = "dwarf-with-dsym";
				ENABLE_NS_ASSERTIONS = NO;
				ENABLE_STRICT_OBJC_MSGSEND = YES;
				GCC_C_LANGUAGE_STANDARD = gnu11;
				GCC_NO_COMMON_BLOCKS = YES;
				GCC_WARN_64_TO_32_BIT_CONVERSION = YES;
				GCC_WARN_ABOUT_RETURN_TYPE = YES_ERROR;
				GCC_WARN_UNDECLARED_SELECTOR = YES;
				GCC_WARN_UNINITIALIZED_AUTOS = YES_AGGRESSIVE;
				GCC_WARN_UNUSED_FUNCTION = YES;
				GCC_WARN_UNUSED_VARIABLE = YES;
				IPHONEOS_DEPLOYMENT_TARGET = 11.2;
				MTL_ENABLE_DEBUG_INFO = NO;
				SDKROOT = iphoneos;
				VALIDATE_PRODUCT = YES;
			};
			name = Release;
		};
		0442160520CA1BA7000847A0 /* Debug */ = {
			isa = XCBuildConfiguration;
			buildSettings = {
				ASSETCATALOG_COMPILER_APPICON_NAME = AppIcon;
				CODE_SIGN_STYLE = Automatic;
				DEVELOPMENT_TEAM = 282RD4DA3C;
				INFOPLIST_FILE = HHDrawView/Info.plist;
				IPHONEOS_DEPLOYMENT_TARGET = 9.0;
				LD_RUNPATH_SEARCH_PATHS = "$(inherited) @executable_path/Frameworks";
				PRODUCT_BUNDLE_IDENTIFIER = com.cunpiao.HHDrawView;
				PRODUCT_NAME = "$(TARGET_NAME)";
				TARGETED_DEVICE_FAMILY = "1,2";
			};
			name = Debug;
		};
		0442160620CA1BA7000847A0 /* Release */ = {
			isa = XCBuildConfiguration;
			buildSettings = {
				ASSETCATALOG_COMPILER_APPICON_NAME = AppIcon;
				CODE_SIGN_STYLE = Automatic;
				DEVELOPMENT_TEAM = 282RD4DA3C;
				INFOPLIST_FILE = HHDrawView/Info.plist;
				IPHONEOS_DEPLOYMENT_TARGET = 9.0;
				LD_RUNPATH_SEARCH_PATHS = "$(inherited) @executable_path/Frameworks";
				PRODUCT_BUNDLE_IDENTIFIER = com.cunpiao.HHDrawView;
				PRODUCT_NAME = "$(TARGET_NAME)";
				TARGETED_DEVICE_FAMILY = "1,2";
			};
			name = Release;
		};
/* End XCBuildConfiguration section */

/* Begin XCConfigurationList section */
		044215E920CA1BA7000847A0 /* Build configuration list for PBXProject "HHDrawView" */ = {
			isa = XCConfigurationList;
			buildConfigurations = (
				0442160220CA1BA7000847A0 /* Debug */,
				0442160320CA1BA7000847A0 /* Release */,
			);
			defaultConfigurationIsVisible = 0;
			defaultConfigurationName = Release;
		};
		0442160420CA1BA7000847A0 /* Build configuration list for PBXNativeTarget "HHDrawView" */ = {
			isa = XCConfigurationList;
			buildConfigurations = (
				0442160520CA1BA7000847A0 /* Debug */,
				0442160620CA1BA7000847A0 /* Release */,
			);
			defaultConfigurationIsVisible = 0;
			defaultConfigurationName = Release;
		};
/* End XCConfigurationList section */
	};
	rootObject = 044215E620CA1BA7000847A0 /* Project object */;
}
